
Microsoft Visual Studio Solution File, Format Version 11.00
# Visual C++ Express 2010
Project("{8BC9CEB8-8B4A-11D0-8D11-00A0C91BC942}") = "xmac2obj", "xmac2obj.vcxproj", "{69DC444B-57C6-4F81-B97B-474E5B41D3D7}"
EndProject
Project("{8BC9CEB8-8B4A-11D0-8D11-00A0C91BC942}") = "rmStuff", "..\rmStuff\rmStuff.vcxproj", "{A95B4B8F-7C35-4BD1-8727-2E62C67EE890}"
EndProject
Global
	GlobalSection(SolutionConfigurationPlatforms) = preSolution
		Debug|Win32 = Debug|Win32
		Release|Win32 = Release|Win32
	EndGlobalSection
	GlobalSection(ProjectConfigurationPlatforms) = postSolution
		{69DC444B-57C6-4F81-B97B-474E5B41D3D7}.Debug|Win32.ActiveCfg = Debug|Win32
		{69DC444B-57C6-4F81-B97B-474E5B41D3D7}.Debug|Win32.Build.0 = Debug|Win32
		{69DC444B-57C6-4F81-B97B-474E5B41D3D7}.Release|Win32.ActiveCfg = Release|Win32
		{69DC444B-57C6-4F81-B97B-474E5B41D3D7}.Release|Win32.Build.0 = Release|Win32
		{A95B4B8F-7C35-4BD1-8727-2E62C67EE890}.Debug|Win32.ActiveCfg = Debug|Win32
		{A95B4B8F-7C35-4BD1-8727-2E62C67EE890}.Debug|Win32.Build.0 = Debug|Win32
		{A95B4B8F-7C35-4BD1-8727-2E62C67EE890}.Release|Win32.ActiveCfg = Release|Win32
		{A95B4B8F-7C35-4BD1-8727-2E62C67EE890}.Release|Win32.Build.0 = Release|Win32
	EndGlobalSection
	GlobalSection(SolutionProperties) = preSolution
		HideSolutionNode = FALSE
	EndGlobalSection
EndGlobal
