<?xml version="1.0" encoding="utf-8"?>
<Project ToolsVersion="4.0" xmlns="http://schemas.microsoft.com/developer/msbuild/2003">
  <ItemGroup>
    <Filter Include="Quelldateien">
      <UniqueIdentifier>{4FC737F1-C7A5-4376-A066-2A32D752A2FF}</UniqueIdentifier>
      <Extensions>cpp;c;cc;cxx;def;odl;idl;hpj;bat;asm;asmx</Extensions>
    </Filter>
    <Filter Include="Headerdateien">
      <UniqueIdentifier>{93995380-89BD-4b04-88EB-625FBE52EBFB}</UniqueIdentifier>
      <Extensions>h;hpp;hxx;hm;inl;inc;xsd</Extensions>
    </Filter>
  </ItemGroup>
  <ItemGroup>
    <ClInclude Include="rmAnimation.h">
      <Filter>Headerdateien</Filter>
    </ClInclude>
    <ClInclude Include="rmArr2.h">
      <Filter>Headerdateien</Filter>
    </ClInclude>
    <ClInclude Include="rmCollisionBinWriter.h">
      <Filter>Headerdateien</Filter>
    </ClInclude>
    <ClInclude Include="rmDataTypes.h">
      <Filter>Headerdateien</Filter>
    </ClInclude>
    <ClInclude Include="rmDir.h">
      <Filter>Headerdateien</Filter>
    </ClInclude>
    <ClInclude Include="rmDummyClass.h">
      <Filter>Headerdateien</Filter>
    </ClInclude>
    <ClInclude Include="rmFileStream.h">
      <Filter>Headerdateien</Filter>
    </ClInclude>
    <ClInclude Include="rmMap.h">
      <Filter>Headerdateien</Filter>
    </ClInclude>
    <ClInclude Include="rmMaterial.h">
      <Filter>Headerdateien</Filter>
    </ClInclude>
    <ClInclude Include="rmMesh.h">
      <Filter>Headerdateien</Filter>
    </ClInclude>
    <ClInclude Include="rmMurmurHash.h">
      <Filter>Headerdateien</Filter>
    </ClInclude>
    <ClInclude Include="rmNearestNeighbor.h">
      <Filter>Headerdateien</Filter>
    </ClInclude>
    <ClInclude Include="rmNode.h">
      <Filter>Headerdateien</Filter>
    </ClInclude>
    <ClInclude Include="rmNxInFileStream.h">
      <Filter>Headerdateien</Filter>
    </ClInclude>
    <ClInclude Include="rmNxOutFileStream.h">
      <Filter>Headerdateien</Filter>
    </ClInclude>
    <ClInclude Include="rmObjReader.h">
      <Filter>Headerdateien</Filter>
    </ClInclude>
    <ClInclude Include="rmObjWriter.h">
      <Filter>Headerdateien</Filter>
    </ClInclude>
    <ClInclude Include="rmOptimizedMesh.h">
      <Filter>Headerdateien</Filter>
    </ClInclude>
    <ClInclude Include="rmOut.h">
      <Filter>Headerdateien</Filter>
    </ClInclude>
    <ClInclude Include="rmPhysxGlobals.h">
      <Filter>Headerdateien</Filter>
    </ClInclude>
    <ClInclude Include="rmPropertyLinker.h">
      <Filter>Headerdateien</Filter>
    </ClInclude>
    <ClInclude Include="rmScene.h">
      <Filter>Headerdateien</Filter>
    </ClInclude>
    <ClInclude Include="rmSkin.h">
      <Filter>Headerdateien</Filter>
    </ClInclude>
    <ClInclude Include="rmStringTable.h">
      <Filter>Headerdateien</Filter>
    </ClInclude>
    <ClInclude Include="rmXcomFile.h">
      <Filter>Headerdateien</Filter>
    </ClInclude>
    <ClInclude Include="rmXmacReader.h">
      <Filter>Headerdateien</Filter>
    </ClInclude>
    <ClInclude Include="rmXmacWriter.h">
      <Filter>Headerdateien</Filter>
    </ClInclude>
  </ItemGroup>
  <ItemGroup>
    <ClCompile Include="rmAnimation.cpp">
      <Filter>Quelldateien</Filter>
    </ClCompile>
    <ClCompile Include="rmCollisionBinWriter.cpp">
      <Filter>Quelldateien</Filter>
    </ClCompile>
    <ClCompile Include="rmDir.cpp">
      <Filter>Quelldateien</Filter>
    </ClCompile>
    <ClCompile Include="rmDummyClass.cpp">
      <Filter>Quelldateien</Filter>
    </ClCompile>
    <ClCompile Include="rmFileStream.cpp">
      <Filter>Quelldateien</Filter>
    </ClCompile>
    <ClCompile Include="rmMap.cpp">
      <Filter>Quelldateien</Filter>
    </ClCompile>
    <ClCompile Include="rmMaterial.cpp">
      <Filter>Quelldateien</Filter>
    </ClCompile>
    <ClCompile Include="rmMesh.cpp">
      <Filter>Quelldateien</Filter>
    </ClCompile>
    <ClCompile Include="rmMurmurHash.cpp">
      <Filter>Quelldateien</Filter>
    </ClCompile>
    <ClCompile Include="rmNearestNeighbor.cpp">
      <Filter>Quelldateien</Filter>
    </ClCompile>
    <ClCompile Include="rmNode.cpp">
      <Filter>Quelldateien</Filter>
    </ClCompile>
    <ClCompile Include="rmNxInFileStream.cpp">
      <Filter>Quelldateien</Filter>
    </ClCompile>
    <ClCompile Include="rmNxOutFileStream.cpp">
      <Filter>Quelldateien</Filter>
    </ClCompile>
    <ClCompile Include="rmObjReader.cpp">
      <Filter>Quelldateien</Filter>
    </ClCompile>
    <ClCompile Include="rmObjWriter.cpp">
      <Filter>Quelldateien</Filter>
    </ClCompile>
    <ClCompile Include="rmOptimizedMesh.cpp">
      <Filter>Quelldateien</Filter>
    </ClCompile>
    <ClCompile Include="rmOut.cpp">
      <Filter>Quelldateien</Filter>
    </ClCompile>
    <ClCompile Include="rmPropertyLinker.cpp">
      <Filter>Quelldateien</Filter>
    </ClCompile>
    <ClCompile Include="rmScene.cpp">
      <Filter>Quelldateien</Filter>
    </ClCompile>
    <ClCompile Include="rmSkin.cpp">
      <Filter>Quelldateien</Filter>
    </ClCompile>
    <ClCompile Include="rmStringTable.cpp">
      <Filter>Quelldateien</Filter>
    </ClCompile>
    <ClCompile Include="rmStuff2.cpp">
      <Filter>Quelldateien</Filter>
    </ClCompile>
    <ClCompile Include="rmXcomFile.cpp">
      <Filter>Quelldateien</Filter>
    </ClCompile>
    <ClCompile Include="rmXmacReader.cpp">
      <Filter>Quelldateien</Filter>
    </ClCompile>
    <ClCompile Include="rmXmacWriter.cpp">
      <Filter>Quelldateien</Filter>
    </ClCompile>
  </ItemGroup>
</Project>