
Microsoft Visual Studio Solution File, Format Version 11.00
# Visual C++ Express 2010
Project("{8BC9CEB8-8B4A-11D0-8D11-00A0C91BC942}") = "Risen Map Position", "Risen Map Position.vcxproj", "{68619762-EA95-4043-AD41-3991656E4B13}"
EndProject
Global
	GlobalSection(SolutionConfigurationPlatforms) = preSolution
		Debug|Win32 = Debug|Win32
		Release|Win32 = Release|Win32
	EndGlobalSection
	GlobalSection(ProjectConfigurationPlatforms) = postSolution
		{68619762-EA95-4043-AD41-3991656E4B13}.Debug|Win32.ActiveCfg = Debug|Win32
		{68619762-EA95-4043-AD41-3991656E4B13}.Debug|Win32.Build.0 = Debug|Win32
		{68619762-EA95-4043-AD41-3991656E4B13}.Release|Win32.ActiveCfg = Release|Win32
		{68619762-EA95-4043-AD41-3991656E4B13}.Release|Win32.Build.0 = Release|Win32
	EndGlobalSection
	GlobalSection(SolutionProperties) = preSolution
		HideSolutionNode = FALSE
	EndGlobalSection
EndGlobal
