
Microsoft Visual Studio Solution File, Format Version 9.00
# Visual C++ Express 2005
Project("{8BC9CEB8-8B4A-11D0-8D11-00A0C91BC942}") = "Mimicry", "Mimicry.vcproj", "{39AE260D-5EC7-4A61-95EF-F938DDBABF3E}"
EndProject
Project("{8BC9CEB8-8B4A-11D0-8D11-00A0C91BC942}") = "MimicryApp", "MimicryApp.vcproj", "{3E109589-9ABA-42CE-94AD-FDB89D595A83}"
	ProjectSection(ProjectDependencies) = postProject
		{39AE260D-5EC7-4A61-95EF-F938DDBABF3E} = {39AE260D-5EC7-4A61-95EF-F938DDBABF3E}
	EndProjectSection
EndProject
Global
	GlobalSection(SolutionConfigurationPlatforms) = preSolution
		Debug|Win32 = Debug|Win32
		Release|Win32 = Release|Win32
	EndGlobalSection
	GlobalSection(ProjectConfigurationPlatforms) = postSolution
		{39AE260D-5EC7-4A61-95EF-F938DDBABF3E}.Debug|Win32.ActiveCfg = Debug|Win32
		{39AE260D-5EC7-4A61-95EF-F938DDBABF3E}.Debug|Win32.Build.0 = Debug|Win32
		{39AE260D-5EC7-4A61-95EF-F938DDBABF3E}.Release|Win32.ActiveCfg = Release|Win32
		{39AE260D-5EC7-4A61-95EF-F938DDBABF3E}.Release|Win32.Build.0 = Release|Win32
		{3E109589-9ABA-42CE-94AD-FDB89D595A83}.Debug|Win32.ActiveCfg = Debug|Win32
		{3E109589-9ABA-42CE-94AD-FDB89D595A83}.Debug|Win32.Build.0 = Debug|Win32
		{3E109589-9ABA-42CE-94AD-FDB89D595A83}.Release|Win32.ActiveCfg = Release|Win32
		{3E109589-9ABA-42CE-94AD-FDB89D595A83}.Release|Win32.Build.0 = Release|Win32
	EndGlobalSection
	GlobalSection(SolutionProperties) = preSolution
		HideSolutionNode = FALSE
	EndGlobalSection
EndGlobal
